PODS:
  - CaptureSDK (1.6.39)
  - MaracaPod (1.0.10):
    - CaptureSDK (= 1.6.39)

DEPENDENCIES:
  - MaracaPod (from `../`)

SPEC REPOS:
  https://github.com/CocoaPods/Specs.git:
    - CaptureSDK

EXTERNAL SOURCES:
  MaracaPod:
    :path: "../"

SPEC CHECKSUMS:
  CaptureSDK: 34f244e4a3bae307a192be836b842f9226f6ed95
  MaracaPod: 49bf6ee5f593c4e51a70578b6f1822c08bb08d72

PODFILE CHECKSUM: beee97ead413ef5bd763f5adf7be8c69e713d984

COCOAPODS: 1.11.3
